// !$*UTF8*$!
{
	archiveVersion = 1;
	classes = {
	};
	objectVersion = 50;
	objects = {

/* Begin PBXBuildFile section */
		BD74F77023749FD60016A981 /* AppDelegate.m in Sources */ = {isa = PBXBuildFile; fileRef = BD74F76F23749FD60016A981 /* AppDelegate.m */; };
		BD74F77323749FD60016A981 /* SceneDelegate.m in Sources */ = {isa = PBXBuildFile; fileRef = BD74F77223749FD60016A981 /* SceneDelegate.m */; };
		BD74F77623749FD60016A981 /* ViewController.m in Sources */ = {isa = PBXBuildFile; fileRef = BD74F77523749FD60016A981 /* ViewController.m */; };
		BD74F77923749FD60016A981 /* Main.storyboard in Resources */ = {isa = PBXBuildFile; fileRef = BD74F77723749FD60016A981 /* Main.storyboard */; };
		BD74F77B23749FD90016A981 /* Assets.xcassets in Resources */ = {isa = PBXBuildFile; fileRef = BD74F77A23749FD90016A981 /* Assets.xcassets */; };
		BD74F77E23749FD90016A981 /* LaunchScreen.storyboard in Resources */ = {isa = PBXBuildFile; fileRef = BD74F77C23749FD90016A981 /* LaunchScreen.storyboard */; };
		BD74F78123749FD90016A981 /* main.m in Sources */ = {isa = PBXBuildFile; fileRef = BD74F78023749FD90016A981 /* main.m */; };
		BD74F7892374A7AE0016A981 /* LSIPerson.m in Sources */ = {isa = PBXBuildFile; fileRef = BD74F7882374A7AE0016A981 /* LSIPerson.m */; };
/* End PBXBuildFile section */

/* Begin PBXFileReference section */
		BD74F76B23749FD60016A981 /* iOS9-Numbers.app */ = {isa = PBXFileReference; explicitFileType = wrapper.application; includeInIndex = 0; path = "iOS9-Numbers.app"; sourceTree = BUILT_PRODUCTS_DIR; };
		BD74F76E23749FD60016A981 /* AppDelegate.h */ = {isa = PBXFileReference; lastKnownFileType = sourcecode.c.h; path = AppDelegate.h; sourceTree = "<group>"; };
		BD74F76F23749FD60016A981 /* AppDelegate.m */ = {isa = PBXFileReference; lastKnownFileType = sourcecode.c.objc; path = AppDelegate.m; sourceTree = "<group>"; };
		BD74F77123749FD60016A981 /* SceneDelegate.h */ = {isa = PBXFileReference; lastKnownFileType = sourcecode.c.h; path = SceneDelegate.h; sourceTree = "<group>"; };
		BD74F77223749FD60016A981 /* SceneDelegate.m */ = {isa = PBXFileReference; lastKnownFileType = sourcecode.c.objc; path = SceneDelegate.m; sourceTree = "<group>"; };
		BD74F77423749FD60016A981 /* ViewController.h */ = {isa = PBXFileReference; lastKnownFileType = sourcecode.c.h; path = ViewController.h; sourceTree = "<group>"; };
		BD74F77523749FD60016A981 /* ViewController.m */ = {isa = PBXFileReference; lastKnownFileType = sourcecode.c.objc; path = ViewController.m; sourceTree = "<group>"; };
		BD74F77823749FD60016A981 /* Base */ = {isa = PBXFileReference; lastKnownFileType = file.storyboard; name = Base; path = Base.lproj/Main.storyboard; sourceTree = "<group>"; };
		BD74F77A23749FD90016A981 /* Assets.xcassets */ = {isa = PBXFileReference; lastKnownFileType = folder.assetcatalog; path = Assets.xcassets; sourceTree = "<group>"; };
		BD74F77D23749FD90016A981 /* Base */ = {isa = PBXFileReference; lastKnownFileType = file.storyboard; name = Base; path = Base.lproj/LaunchScreen.storyboard; sourceTree = "<group>"; };
		BD74F77F23749FD90016A981 /* Info.plist */ = {isa = PBXFileReference; lastKnownFileType = text.plist.xml; path = Info.plist; sourceTree = "<group>"; };
		BD74F78023749FD90016A981 /* main.m */ = {isa = PBXFileReference; lastKnownFileType = sourcecode.c.objc; path = main.m; sourceTree = "<group>"; };
		BD74F7872374A7AE0016A981 /* LSIPerson.h */ = {isa = PBXFileReference; fileEncoding = 4; lastKnownFileType = sourcecode.c.h; path = LSIPerson.h; sourceTree = "<group>"; };
		BD74F7882374A7AE0016A981 /* LSIPerson.m */ = {isa = PBXFileReference; fileEncoding = 4; lastKnownFileType = sourcecode.c.objc; path = LSIPerson.m; sourceTree = "<group>"; };
/* End PBXFileReference section */

/* Begin PBXFrameworksBuildPhase section */
		BD74F76823749FD60016A981 /* Frameworks */ = {
			isa = PBXFrameworksBuildPhase;
			buildActionMask = 2147483647;
			files = (
			);
			runOnlyForDeploymentPostprocessing = 0;
		};
/* End PBXFrameworksBuildPhase section */

/* Begin PBXGroup section */
		BD74F76223749FD60016A981 = {
			isa = PBXGroup;
			children = (
				BD74F76D23749FD60016A981 /* iOS-Numbers */,
				BD74F76C23749FD60016A981 /* Products */,
			);
			sourceTree = "<group>";
		};
		BD74F76C23749FD60016A981 /* Products */ = {
			isa = PBXGroup;
			children = (
				BD74F76B23749FD60016A981 /* iOS9-Numbers.app */,
			);
			name = Products;
			sourceTree = "<group>";
		};
		BD74F76D23749FD60016A981 /* iOS-Numbers */ = {
			isa = PBXGroup;
			children = (
				BD74F76E23749FD60016A981 /* AppDelegate.h */,
				BD74F76F23749FD60016A981 /* AppDelegate.m */,
				BD74F77123749FD60016A981 /* SceneDelegate.h */,
				BD74F77223749FD60016A981 /* SceneDelegate.m */,
				BD74F77423749FD60016A981 /* ViewController.h */,
				BD74F77523749FD60016A981 /* ViewController.m */,
				BD74F7872374A7AE0016A981 /* LSIPerson.h */,
				BD74F7882374A7AE0016A981 /* LSIPerson.m */,
				BD74F77723749FD60016A981 /* Main.storyboard */,
				BD74F77A23749FD90016A981 /* Assets.xcassets */,
				BD74F77C23749FD90016A981 /* LaunchScreen.storyboard */,
				BD74F77F23749FD90016A981 /* Info.plist */,
				BD74F78023749FD90016A981 /* main.m */,
			);
			path = "iOS-Numbers";
			sourceTree = "<group>";
		};
/* End PBXGroup section */

/* Begin PBXNativeTarget section */
		BD74F76A23749FD60016A981 /* iOS9-Numbers */ = {
			isa = PBXNativeTarget;
			buildConfigurationList = BD74F78423749FD90016A981 /* Build configuration list for PBXNativeTarget "iOS9-Numbers" */;
			buildPhases = (
				BD74F76723749FD60016A981 /* Sources */,
				BD74F76823749FD60016A981 /* Frameworks */,
				BD74F76923749FD60016A981 /* Resources */,
			);
			buildRules = (
			);
			dependencies = (
			);
			name = "iOS9-Numbers";
			productName = "iOS-Numbers";
			productReference = BD74F76B23749FD60016A981 /* iOS9-Numbers.app */;
			productType = "com.apple.product-type.application";
		};
/* End PBXNativeTarget section */

/* Begin PBXProject section */
		BD74F76323749FD60016A981 /* Project object */ = {
			isa = PBXProject;
			attributes = {
				LastUpgradeCheck = 1110;
				ORGANIZATIONNAME = "Lambda, Inc";
				TargetAttributes = {
					BD74F76A23749FD60016A981 = {
						CreatedOnToolsVersion = 11.1;
					};
				};
			};
			buildConfigurationList = BD74F76623749FD60016A981 /* Build configuration list for PBXProject "iOS9-Numbers" */;
			compatibilityVersion = "Xcode 9.3";
			developmentRegion = en;
			hasScannedForEncodings = 0;
			knownRegions = (
				en,
				Base,
			);
			mainGroup = BD74F76223749FD60016A981;
			productRefGroup = BD74F76C23749FD60016A981 /* Products */;
			projectDirPath = "";
			projectRoot = "";
			targets = (
				BD74F76A23749FD60016A981 /* iOS9-Numbers */,
			);
		};
/* End PBXProject section */

/* Begin PBXResourcesBuildPhase section */
		BD74F76923749FD60016A981 /* Resources */ = {
			isa = PBXResourcesBuildPhase;
			buildActionMask = 2147483647;
			files = (
				BD74F77E23749FD90016A981 /* LaunchScreen.storyboard in Resources */,
				BD74F77B23749FD90016A981 /* Assets.xcassets in Resources */,
				BD74F77923749FD60016A981 /* Main.storyboard in Resources */,
			);
			runOnlyForDeploymentPostprocessing = 0;
		};
/* End PBXResourcesBuildPhase section */

/* Begin PBXSourcesBuildPhase section */
		BD74F76723749FD60016A981 /* Sources */ = {
			isa = PBXSourcesBuildPhase;
			buildActionMask = 2147483647;
			files = (
				BD74F77623749FD60016A981 /* ViewController.m in Sources */,
				BD74F77023749FD60016A981 /* AppDelegate.m in Sources */,
				BD74F78123749FD90016A981 /* main.m in Sources */,
				BD74F77323749FD60016A981 /* SceneDelegate.m in Sources */,
				BD74F7892374A7AE0016A981 /* LSIPerson.m in Sources */,
			);
			runOnlyForDeploymentPostprocessing = 0;
		};
/* End PBXSourcesBuildPhase section */

/* Begin PBXVariantGroup section */
		BD74F77723749FD60016A981 /* Main.storyboard */ = {
			isa = PBXVariantGroup;
			children = (
				BD74F77823749FD60016A981 /* Base */,
			);
			name = Main.storyboard;
			sourceTree = "<group>";
		};
		BD74F77C23749FD90016A981 /* LaunchScreen.storyboard */ = {
			isa = PBXVariantGroup;
			children = (
				BD74F77D23749FD90016A981 /* Base */,
			);
			name = LaunchScreen.storyboard;
			sourceTree = "<group>";
		};
/* End PBXVariantGroup section */

/* Begin XCBuildConfiguration section */
		BD74F78223749FD90016A981 /* Debug */ = {
			isa = XCBuildConfiguration;
			buildSettings = {
				ALWAYS_SEARCH_USER_PATHS = NO;
				CLANG_ANALYZER_NONNULL = YES;
				CLANG_ANALYZER_NUMBER_OBJECT_CONVERSION = YES_AGGRESSIVE;
				CLANG_CXX_LANGUAGE_STANDARD = "gnu++14";
				CLANG_CXX_LIBRARY = "libc++";
				CLANG_ENABLE_MODULES = YES;
				CLANG_ENABLE_OBJC_ARC = YES;
				CLANG_ENABLE_OBJC_WEAK = YES;
				CLANG_WARN_BLOCK_CAPTURE_AUTORELEASING = YES;
				CLANG_WARN_BOOL_CONVERSION = YES;
				CLANG_WARN_COMMA = YES;
				CLANG_WARN_CONSTANT_CONVERSION = YES;
				CLANG_WARN_DEPRECATED_OBJC_IMPLEMENTATIONS = YES;
				CLANG_WARN_DIRECT_OBJC_ISA_USAGE = YES_ERROR;
				CLANG_WARN_DOCUMENTATION_COMMENTS = YES;
				CLANG_WARN_EMPTY_BODY = YES;
				CLANG_WARN_ENUM_CONVERSION = YES;
				CLANG_WARN_INFINITE_RECURSION = YES;
				CLANG_WARN_INT_CONVERSION = YES;
				CLANG_WARN_NON_LITERAL_NULL_CONVERSION = YES;
				CLANG_WARN_OBJC_IMPLICIT_RETAIN_SELF = YES;
				CLANG_WARN_OBJC_LITERAL_CONVERSION = YES;
				CLANG_WARN_OBJC_ROOT_CLASS = YES_ERROR;
				CLANG_WARN_RANGE_LOOP_ANALYSIS = YES;
				CLANG_WARN_STRICT_PROTOTYPES = YES;
				CLANG_WARN_SUSPICIOUS_MOVE = YES;
				CLANG_WARN_UNGUARDED_AVAILABILITY = YES_AGGRESSIVE;
				CLANG_WARN_UNREACHABLE_CODE = YES;
				CLANG_WARN__DUPLICATE_METHOD_MATCH = YES;
				COPY_PHASE_STRIP = NO;
				DEBUG_INFORMATION_FORMAT = dwarf;
				ENABLE_STRICT_OBJC_MSGSEND = YES;
				ENABLE_TESTABILITY = YES;
				GCC_C_LANGUAGE_STANDARD = gnu11;
				GCC_DYNAMIC_NO_PIC = NO;
				GCC_NO_COMMON_BLOCKS = YES;
				GCC_OPTIMIZATION_LEVEL = 0;
				GCC_PREPROCESSOR_DEFINITIONS = (
					"DEBUG=1",
					"$(inherited)",
				);
				GCC_WARN_64_TO_32_BIT_CONVERSION = YES;
				GCC_WARN_ABOUT_RETURN_TYPE = YES_ERROR;
				GCC_WARN_UNDECLARED_SELECTOR = YES;
				GCC_WARN_UNINITIALIZED_AUTOS = YES_AGGRESSIVE;
				GCC_WARN_UNUSED_FUNCTION = YES;
				GCC_WARN_UNUSED_VARIABLE = YES;
				IPHONEOS_DEPLOYMENT_TARGET = 13.1;
				MTL_ENABLE_DEBUG_INFO = INCLUDE_SOURCE;
				MTL_FAST_MATH = YES;
				ONLY_ACTIVE_ARCH = YES;
				SDKROOT = iphoneos;
			};
			name = Debug;
		};
		BD74F78323749FD90016A981 /* Release */ = {
			isa = XCBuildConfiguration;
			buildSettings = {
				ALWAYS_SEARCH_USER_PATHS = NO;
				CLANG_ANALYZER_NONNULL = YES;
				CLANG_ANALYZER_NUMBER_OBJECT_CONVERSION = YES_AGGRESSIVE;
				CLANG_CXX_LANGUAGE_STANDARD = "gnu++14";
				CLANG_CXX_LIBRARY = "libc++";
				CLANG_ENABLE_MODULES = YES;
				CLANG_ENABLE_OBJC_ARC = YES;
				CLANG_ENABLE_OBJC_WEAK = YES;
				CLANG_WARN_BLOCK_CAPTURE_AUTORELEASING = YES;
				CLANG_WARN_BOOL_CONVERSION = YES;
				CLANG_WARN_COMMA = YES;
				CLANG_WARN_CONSTANT_CONVERSION = YES;
				CLANG_WARN_DEPRECATED_OBJC_IMPLEMENTATIONS = YES;
				CLANG_WARN_DIRECT_OBJC_ISA_USAGE = YES_ERROR;
				CLANG_WARN_DOCUMENTATION_COMMENTS = YES;
				CLANG_WARN_EMPTY_BODY = YES;
				CLANG_WARN_ENUM_CONVERSION = YES;
				CLANG_WARN_INFINITE_RECURSION = YES;
				CLANG_WARN_INT_CONVERSION = YES;
				CLANG_WARN_NON_LITERAL_NULL_CONVERSION = YES;
				CLANG_WARN_OBJC_IMPLICIT_RETAIN_SELF = YES;
				CLANG_WARN_OBJC_LITERAL_CONVERSION = YES;
				CLANG_WARN_OBJC_ROOT_CLASS = YES_ERROR;
				CLANG_WARN_RANGE_LOOP_ANALYSIS = YES;
				CLANG_WARN_STRICT_PROTOTYPES = YES;
				CLANG_WARN_SUSPICIOUS_MOVE = YES;
				CLANG_WARN_UNGUARDED_AVAILABILITY = YES_AGGRESSIVE;
				CLANG_WARN_UNREACHABLE_CODE = YES;
				CLANG_WARN__DUPLICATE_METHOD_MATCH = YES;
				COPY_PHASE_STRIP = NO;
				DEBUG_INFORMATION_FORMAT = "dwarf-with-dsym";
				ENABLE_NS_ASSERTIONS = NO;
				ENABLE_STRICT_OBJC_MSGSEND = YES;
				GCC_C_LANGUAGE_STANDARD = gnu11;
				GCC_NO_COMMON_BLOCKS = YES;
				GCC_WARN_64_TO_32_BIT_CONVERSION = YES;
				GCC_WARN_ABOUT_RETURN_TYPE = YES_ERROR;
				GCC_WARN_UNDECLARED_SELECTOR = YES;
				GCC_WARN_UNINITIALIZED_AUTOS = YES_AGGRESSIVE;
				GCC_WARN_UNUSED_FUNCTION = YES;
				GCC_WARN_UNUSED_VARIABLE = YES;
				IPHONEOS_DEPLOYMENT_TARGET = 13.1;
				MTL_ENABLE_DEBUG_INFO = NO;
				MTL_FAST_MATH = YES;
				SDKROOT = iphoneos;
				VALIDATE_PRODUCT = YES;
			};
			name = Release;
		};
		BD74F78523749FD90016A981 /* Debug */ = {
			isa = XCBuildConfiguration;
			buildSettings = {
				ASSETCATALOG_COMPILER_APPICON_NAME = AppIcon;
				CODE_SIGN_STYLE = Automatic;
				DEVELOPMENT_TEAM = VXUQXR6S56;
				INFOPLIST_FILE = "iOS-Numbers/Info.plist";
				LD_RUNPATH_SEARCH_PATHS = (
					"$(inherited)",
					"@executable_path/Frameworks",
				);
				PRODUCT_BUNDLE_IDENTIFIER = "com.lambdaschool.iOS-Numbers";
				PRODUCT_NAME = "$(TARGET_NAME)";
				TARGETED_DEVICE_FAMILY = "1,2";
			};
			name = Debug;
		};
		BD74F78623749FD90016A981 /* Release */ = {
			isa = XCBuildConfiguration;
			buildSettings = {
				ASSETCATALOG_COMPILER_APPICON_NAME = AppIcon;
				CODE_SIGN_STYLE = Automatic;
				DEVELOPMENT_TEAM = VXUQXR6S56;
				INFOPLIST_FILE = "iOS-Numbers/Info.plist";
				LD_RUNPATH_SEARCH_PATHS = (
					"$(inherited)",
					"@executable_path/Frameworks",
				);
				PRODUCT_BUNDLE_IDENTIFIER = "com.lambdaschool.iOS-Numbers";
				PRODUCT_NAME = "$(TARGET_NAME)";
				TARGETED_DEVICE_FAMILY = "1,2";
			};
			name = Release;
		};
/* End XCBuildConfiguration section */

/* Begin XCConfigurationList section */
		BD74F76623749FD60016A981 /* Build configuration list for PBXProject "iOS9-Numbers" */ = {
			isa = XCConfigurationList;
			buildConfigurations = (
				BD74F78223749FD90016A981 /* Debug */,
				BD74F78323749FD90016A981 /* Release */,
			);
			defaultConfigurationIsVisible = 0;
			defaultConfigurationName = Release;
		};
		BD74F78423749FD90016A981 /* Build configuration list for PBXNativeTarget "iOS9-Numbers" */ = {
			isa = XCConfigurationList;
			buildConfigurations = (
				BD74F78523749FD90016A981 /* Debug */,
				BD74F78623749FD90016A981 /* Release */,
			);
			defaultConfigurationIsVisible = 0;
			defaultConfigurationName = Release;
		};
/* End XCConfigurationList section */
	};
	rootObject = BD74F76323749FD60016A981 /* Project object */;
}
